
Microsoft Visual Studio Solution File, Format Version 12.00
# Visual Studio Version 17
VisualStudioVersion = 17.2.32630.192
MinimumVisualStudioVersion = 10.0.40219.1
Project("{9A19103F-16F7-4668-BE54-9A1E7A4F7556}") = "Zamin.Extensions.MessageBus.MessageInbox", "Zamin.Extensions.MessageBus.MessageInbox\Zamin.Extensions.MessageBus.MessageInbox.csproj", "{A25B1F16-FC9C-414A-B83E-E263C4D3D997}"
EndProject
Project("{FAE04EC0-301F-11D3-BF4B-00C04F79EFBC}") = "Zamin.Extensions.MessageBus.MessageInbox.Sample", "Zamin.Extensions.MessageBus.MessageInbox.Sample\Zamin.Extensions.MessageBus.MessageInbox.Sample.csproj", "{08CF1F05-B31A-4BB6-8DB2-B8AFABB4AC33}"
EndProject
Global
	GlobalSection(SolutionConfigurationPlatforms) = preSolution
		Debug|Any CPU = Debug|Any CPU
		Release|Any CPU = Release|Any CPU
	EndGlobalSection
	GlobalSection(ProjectConfigurationPlatforms) = postSolution
		{A25B1F16-FC9C-414A-B83E-E263C4D3D997}.Debug|Any CPU.ActiveCfg = Debug|Any CPU
		{A25B1F16-FC9C-414A-B83E-E263C4D3D997}.Debug|Any CPU.Build.0 = Debug|Any CPU
		{A25B1F16-FC9C-414A-B83E-E263C4D3D997}.Release|Any CPU.ActiveCfg = Release|Any CPU
		{A25B1F16-FC9C-414A-B83E-E263C4D3D997}.Release|Any CPU.Build.0 = Release|Any CPU
		{08CF1F05-B31A-4BB6-8DB2-B8AFABB4AC33}.Debug|Any CPU.ActiveCfg = Debug|Any CPU
		{08CF1F05-B31A-4BB6-8DB2-B8AFABB4AC33}.Debug|Any CPU.Build.0 = Debug|Any CPU
		{08CF1F05-B31A-4BB6-8DB2-B8AFABB4AC33}.Release|Any CPU.ActiveCfg = Release|Any CPU
		{08CF1F05-B31A-4BB6-8DB2-B8AFABB4AC33}.Release|Any CPU.Build.0 = Release|Any CPU
	EndGlobalSection
	GlobalSection(SolutionProperties) = preSolution
		HideSolutionNode = FALSE
	EndGlobalSection
	GlobalSection(ExtensibilityGlobals) = postSolution
		SolutionGuid = {9B2CFBAB-8948-4171-9CB1-196A85E7B838}
	EndGlobalSection
EndGlobal
