
Microsoft Visual Studio Solution File, Format Version 12.00
# Visual Studio Version 17
VisualStudioVersion = 17.0.31919.166
MinimumVisualStudioVersion = 10.0.40219.1
Project("{9A19103F-16F7-4668-BE54-9A1E7A4F7556}") = "Zamin.Extentions.ObjectMappers.AutoMapper", "Zamin.Extentions.ObjectMappers.AutoMapper\Zamin.Extentions.ObjectMappers.AutoMapper.csproj", "{DD31E182-9D38-47EC-BF66-B5C7C9085E2C}"
EndProject
Project("{FAE04EC0-301F-11D3-BF4B-00C04F79EFBC}") = "Zamin.Extentions.ObjectMappers.AutoMapper.Sample", "Zamin.Extentions.ObjectMappers.AutoMapper.Sample\Zamin.Extentions.ObjectMappers.AutoMapper.Sample.csproj", "{029DFF6E-FC65-4FA5-AA53-AD1CF77FE7BD}"
EndProject
Global
	GlobalSection(SolutionConfigurationPlatforms) = preSolution
		Debug|Any CPU = Debug|Any CPU
		Release|Any CPU = Release|Any CPU
	EndGlobalSection
	GlobalSection(ProjectConfigurationPlatforms) = postSolution
		{DD31E182-9D38-47EC-BF66-B5C7C9085E2C}.Debug|Any CPU.ActiveCfg = Debug|Any CPU
		{DD31E182-9D38-47EC-BF66-B5C7C9085E2C}.Debug|Any CPU.Build.0 = Debug|Any CPU
		{DD31E182-9D38-47EC-BF66-B5C7C9085E2C}.Release|Any CPU.ActiveCfg = Release|Any CPU
		{DD31E182-9D38-47EC-BF66-B5C7C9085E2C}.Release|Any CPU.Build.0 = Release|Any CPU
		{029DFF6E-FC65-4FA5-AA53-AD1CF77FE7BD}.Debug|Any CPU.ActiveCfg = Debug|Any CPU
		{029DFF6E-FC65-4FA5-AA53-AD1CF77FE7BD}.Debug|Any CPU.Build.0 = Debug|Any CPU
		{029DFF6E-FC65-4FA5-AA53-AD1CF77FE7BD}.Release|Any CPU.ActiveCfg = Release|Any CPU
		{029DFF6E-FC65-4FA5-AA53-AD1CF77FE7BD}.Release|Any CPU.Build.0 = Release|Any CPU
	EndGlobalSection
	GlobalSection(SolutionProperties) = preSolution
		HideSolutionNode = FALSE
	EndGlobalSection
	GlobalSection(ExtensibilityGlobals) = postSolution
		SolutionGuid = {E5F528BE-A508-4403-859D-5A512B675095}
	EndGlobalSection
EndGlobal
