
Microsoft Visual Studio Solution File, Format Version 12.00
# Visual Studio Version 17
VisualStudioVersion = 17.0.31808.319
MinimumVisualStudioVersion = 10.0.40219.1
Project("{2150E333-8FDC-42A3-9474-1A3956D46DE8}") = "01. Utilities", "01. Utilities", "{04ECB473-0F4D-45E6-9BA7-063291BA7CD1}"
EndProject
Project("{2150E333-8FDC-42A3-9474-1A3956D46DE8}") = "02. Core", "02. Core", "{B94044C5-9885-4847-872D-15E3C6ACD88D}"
EndProject
Project("{2150E333-8FDC-42A3-9474-1A3956D46DE8}") = "03. Infra", "03. Infra", "{DC544674-9E95-4F6E-94C8-545A77391E66}"
EndProject
Project("{2150E333-8FDC-42A3-9474-1A3956D46DE8}") = "04. EndPoints", "04. EndPoints", "{9F3D8639-2A2B-4B1C-88F0-56EB14C12E09}"
EndProject
Project("{9A19103F-16F7-4668-BE54-9A1E7A4F7556}") = "Zamin.Utilities", "src\01. Utilities\Zamin.Utilities\Zamin.Utilities.csproj", "{F7A5D6C4-1DBA-45FB-A190-C627B54D3373}"
EndProject
Project("{9A19103F-16F7-4668-BE54-9A1E7A4F7556}") = "Zamin.Core.Domain", "src\02. Core\Zamin.Core.Domain\Zamin.Core.Domain.csproj", "{245116EB-D94C-4CC0-BEBF-D5DE9AD6936D}"
EndProject
Project("{9A19103F-16F7-4668-BE54-9A1E7A4F7556}") = "Zamin.EndPoints.Web", "src\04. EndPoints\Zamin.EndPoints.Web\Zamin.EndPoints.Web.csproj", "{4DE1AD9B-C8DC-4AEC-A469-A34B79CBEA5E}"
EndProject
Project("{2150E333-8FDC-42A3-9474-1A3956D46DE8}") = "Data", "Data", "{0D4F6C7C-2BB8-4D6F-BA61-0CDE70BFB60E}"
EndProject
Project("{2150E333-8FDC-42A3-9474-1A3956D46DE8}") = "Tools", "Tools", "{6E361992-F140-4083-9132-78A9A652D1E7}"
EndProject
Project("{9A19103F-16F7-4668-BE54-9A1E7A4F7556}") = "Zamin.Infra.Localizations.Microsoft", "src\03. Infra\Tools\Zamin.Infra.Localization.Microsoft\Zamin.Infra.Localizations.Microsoft.csproj", "{80D2102D-8059-4833-91A2-0E8BF013C589}"
EndProject
Project("{9A19103F-16F7-4668-BE54-9A1E7A4F7556}") = "Zamin.Infra.Tools.OM.AutoMapper", "src\03. Infra\Tools\Zamin.Infra.Tools.OM.AutoMapper\Zamin.Infra.Tools.OM.AutoMapper.csproj", "{07E11759-96E4-44CA-8C61-24E7E06F1970}"
EndProject
Project("{9A19103F-16F7-4668-BE54-9A1E7A4F7556}") = "Zamin.Infra.Tools.Srlzr.NewtonSoft", "src\03. Infra\Tools\Zamin.Infra.Tools.Srlzr.NewtonSoft\Zamin.Infra.Tools.Srlzr.NewtonSoft.csproj", "{E919F3AD-8DA5-4EA7-87A9-6919ED2DDDEE}"
EndProject
Project("{2150E333-8FDC-42A3-9474-1A3956D46DE8}") = "src", "src", "{E7434B7F-E97D-47B7-B3CB-7E8A389AD36E}"
EndProject
Project("{2150E333-8FDC-42A3-9474-1A3956D46DE8}") = "samples", "samples", "{A260C259-36A8-41D4-A66F-ED640D2839B2}"
EndProject
Project("{2150E333-8FDC-42A3-9474-1A3956D46DE8}") = "MiniBlog", "MiniBlog", "{69BE59C4-9ECB-4F37-87E3-EA2EEBB12523}"
EndProject
Project("{2150E333-8FDC-42A3-9474-1A3956D46DE8}") = "01. Core", "01. Core", "{33460624-EC6E-4B92-A66E-692E908B24C7}"
EndProject
Project("{2150E333-8FDC-42A3-9474-1A3956D46DE8}") = "02. Infra", "02. Infra", "{8C101615-013D-4D7B-AE65-96803D449CD1}"
EndProject
Project("{2150E333-8FDC-42A3-9474-1A3956D46DE8}") = "03. EndPoints", "03. EndPoints", "{FB609964-945C-47F8-9907-AB5FA6B40492}"
EndProject
Project("{9A19103F-16F7-4668-BE54-9A1E7A4F7556}") = "Zamin.MiniBlog.Core.ApplicationServices", "samples\MiniBlog\01. Core\Zamin.MiniBlog.Core.ApplicationServices\Zamin.MiniBlog.Core.ApplicationServices.csproj", "{8C596D13-ABDB-44CD-A7CB-A1B9B2255B6F}"
EndProject
Project("{9A19103F-16F7-4668-BE54-9A1E7A4F7556}") = "Zamin.MiniBlog.Core.Domain", "samples\MiniBlog\01. Core\Zamin.MiniBlog.Core.Domain\Zamin.MiniBlog.Core.Domain.csproj", "{BB4A8F66-CAD1-4FDD-ABC2-5555CD646712}"
EndProject
Project("{9A19103F-16F7-4668-BE54-9A1E7A4F7556}") = "Zamin.MiniBlog.Infra.Data.Sql.Commands", "samples\MiniBlog\02. Infra\Zamin.MiniBlog.Infra.Data.Sql\Zamin.MiniBlog.Infra.Data.Sql.Commands.csproj", "{38CADD61-A259-484F-8F2B-229959BD2D91}"
EndProject
Project("{9A19103F-16F7-4668-BE54-9A1E7A4F7556}") = "Zamin.Infra.Data.Sql", "src\03. Infra\Data\Zamin.Infra.Data.Sql\Zamin.Infra.Data.Sql.csproj", "{5DF2F258-FA41-4A68-B30B-295698995947}"
EndProject
Project("{9A19103F-16F7-4668-BE54-9A1E7A4F7556}") = "Zamin.Infra.Data.Sql.Commands", "src\03. Infra\Data\Zamin.Infra.Data.Sql.Commands\Zamin.Infra.Data.Sql.Commands.csproj", "{E0E9A63C-F867-4481-BAE9-BA96AFE9B586}"
EndProject
Project("{9A19103F-16F7-4668-BE54-9A1E7A4F7556}") = "Zamin.Infra.Data.Sql.Queries", "src\03. Infra\Data\Zamin.Infra.Data.Sql.Queries\Zamin.Infra.Data.Sql.Queries.csproj", "{BD538541-EF39-45EC-9A56-C77A78A9AD16}"
EndProject
Project("{9A19103F-16F7-4668-BE54-9A1E7A4F7556}") = "Zamin.Infra.Tools.Srlzr.EPPlus", "src\03. Infra\Tools\Zamin.Infra.Tools.Srlzr.EPPlus\Zamin.Infra.Tools.Srlzr.EPPlus.csproj", "{22DD1F26-2F6B-4A58-9988-2744C176FFD7}"
EndProject
Project("{2150E333-8FDC-42A3-9474-1A3956D46DE8}") = "tests", "tests", "{28A42D92-CE3E-4305-8623-FF41657A0314}"
EndProject
Project("{2150E333-8FDC-42A3-9474-1A3956D46DE8}") = "Events", "Events", "{7C975EC2-CDEA-451A-980A-EB1B6F326C8C}"
EndProject
Project("{9A19103F-16F7-4668-BE54-9A1E7A4F7556}") = "Zamin.Core.ApplicationServices", "src\02. Core\Zamin.Core.ApplicationServices\Zamin.Core.ApplicationServices.csproj", "{6CD3DE1B-42B1-483A-90DB-2713CE01E321}"
EndProject
Project("{9A19103F-16F7-4668-BE54-9A1E7A4F7556}") = "Zamin.Core.Domain.Toolkits", "src\02. Core\Zamin.Core.Domain.Toolkits\Zamin.Core.Domain.Toolkits.csproj", "{B7A2DBD7-F5B6-4407-AA96-964FE0D87C0F}"
EndProject
Project("{9A19103F-16F7-4668-BE54-9A1E7A4F7556}") = "Zamin.Infra.Events.Outbox", "src\03. Infra\Events\Zamin.Infra.Events.Outbox\Zamin.Infra.Events.Outbox.csproj", "{37E97D23-31DA-4094-9F79-E42FBDEEA8E3}"
EndProject
Project("{9A19103F-16F7-4668-BE54-9A1E7A4F7556}") = "Zamin.Infra.Tools.Caching.Microsoft", "src\03. Infra\Tools\Zamin.Infra.Tools.Caching.Microsoft\Zamin.Infra.Tools.Caching.Microsoft.csproj", "{C2B6F1A3-1097-4915-8AAC-C8CC8BF0DDAF}"
EndProject
Project("{9A19103F-16F7-4668-BE54-9A1E7A4F7556}") = "Zamin.Infra.Tools.Localizer.Parrot", "src\03. Infra\Tools\Zamin.Infra.Tools.Localizer.Parrot\Zamin.Infra.Tools.Localizer.Parrot.csproj", "{F45CBC29-4046-4440-9437-44CFE1740FB8}"
EndProject
Project("{9A19103F-16F7-4668-BE54-9A1E7A4F7556}") = "Zamin.MiniBlog.EndPoints.Api", "samples\MiniBlog\03. EndPoints\Zamin.MiniBlog.EndPoints.Api\Zamin.MiniBlog.EndPoints.Api.csproj", "{C0D5DAC8-72E7-4E53-A004-7546EDA09DF1}"
EndProject
Project("{9A19103F-16F7-4668-BE54-9A1E7A4F7556}") = "Zamin.Infra.Events.PoolingPublisher", "src\03. Infra\Events\Zamin.Infra.Events.PoolingPublisher\Zamin.Infra.Events.PoolingPublisher.csproj", "{972FB613-63D2-41E8-A408-99DF28CC883F}"
EndProject
Project("{2150E333-8FDC-42A3-9474-1A3956D46DE8}") = "Messaging", "Messaging", "{06E21D59-00F0-4DCB-9BEA-333DF2B0B1F2}"
EndProject
Project("{9A19103F-16F7-4668-BE54-9A1E7A4F7556}") = "Zamin.Messaging.IdempotentConsumers", "src\03. Infra\Messaging\Zamin.Messaging.IdempotentConsumers\Zamin.Messaging.IdempotentConsumers.csproj", "{42EA21FA-3330-4A4E-A204-6FBA4ABEDEFD}"
EndProject
Project("{9A19103F-16F7-4668-BE54-9A1E7A4F7556}") = "Zamin.Messaging.MessageBus.RabbitMq", "src\03. Infra\Messaging\Zamin.Messaging.MessageBus.RabbitMq\Zamin.Messaging.MessageBus.RabbitMq.csproj", "{868ED513-8196-4286-A9DF-36B1E6D71F2D}"
EndProject
Project("{9A19103F-16F7-4668-BE54-9A1E7A4F7556}") = "Zamin.Messaging.IdempotentConsumers.Store.Sql", "src\03. Infra\Messaging\Zamin.Messaging.IdempotentConsumers.Store.Sql\Zamin.Messaging.IdempotentConsumers.Store.Sql.csproj", "{26AFF4B4-16C8-41F5-A908-128BCE539E09}"
EndProject
Project("{9A19103F-16F7-4668-BE54-9A1E7A4F7556}") = "Zamin.Infra.Data.ChangeInterceptors", "src\03. Infra\Data\Zamin.Infra.Data.ChangeInterceptors\Zamin.Infra.Data.ChangeInterceptors.csproj", "{9A1A2E10-C1E9-4834-8E6D-EA15CE938B09}"
EndProject
Project("{9A19103F-16F7-4668-BE54-9A1E7A4F7556}") = "Zamin.MiniBlog.Infra.Data.Sql.Queries", "samples\MiniBlog\02. Infra\Zamin.MiniBlog.Infra.Data.Sql.Queries\Zamin.MiniBlog.Infra.Data.Sql.Queries.csproj", "{FFD26A4D-99FE-4BF7-96CE-C44B4E76E410}"
EndProject
Project("{9A19103F-16F7-4668-BE54-9A1E7A4F7556}") = "Zamin.MiniBlog.EndPoints.Mvc", "samples\MiniBlog\03. EndPoints\Zamin.MiniBlog.EndPoints.Mvc\Zamin.MiniBlog.EndPoints.Mvc.csproj", "{8591B04C-7C38-43BA-B903-426884CC69A6}"
EndProject
Project("{9A19103F-16F7-4668-BE54-9A1E7A4F7556}") = "Zamin.Infra.Data.ChangeInterceptors.Sql", "src\03. Infra\Data\Zamin.Infra.Data.ChangeInterceptors.Sql\Zamin.Infra.Data.ChangeInterceptors.Sql.csproj", "{4B775DCB-5A9A-4F73-BCC9-B7D38B3C9C21}"
EndProject
Project("{9A19103F-16F7-4668-BE54-9A1E7A4F7556}") = "Zamin.Core.Contracts", "src\02. Core\Zamin.Core.Contracts\Zamin.Core.Contracts.csproj", "{4C51B974-32AD-4019-8F2F-4B42C7CF18D1}"
EndProject
Global
	GlobalSection(SolutionConfigurationPlatforms) = preSolution
		Debug|Any CPU = Debug|Any CPU
		Release|Any CPU = Release|Any CPU
	EndGlobalSection
	GlobalSection(ProjectConfigurationPlatforms) = postSolution
		{F7A5D6C4-1DBA-45FB-A190-C627B54D3373}.Debug|Any CPU.ActiveCfg = Debug|Any CPU
		{F7A5D6C4-1DBA-45FB-A190-C627B54D3373}.Debug|Any CPU.Build.0 = Debug|Any CPU
		{F7A5D6C4-1DBA-45FB-A190-C627B54D3373}.Release|Any CPU.ActiveCfg = Release|Any CPU
		{F7A5D6C4-1DBA-45FB-A190-C627B54D3373}.Release|Any CPU.Build.0 = Release|Any CPU
		{245116EB-D94C-4CC0-BEBF-D5DE9AD6936D}.Debug|Any CPU.ActiveCfg = Debug|Any CPU
		{245116EB-D94C-4CC0-BEBF-D5DE9AD6936D}.Debug|Any CPU.Build.0 = Debug|Any CPU
		{245116EB-D94C-4CC0-BEBF-D5DE9AD6936D}.Release|Any CPU.ActiveCfg = Release|Any CPU
		{245116EB-D94C-4CC0-BEBF-D5DE9AD6936D}.Release|Any CPU.Build.0 = Release|Any CPU
		{4DE1AD9B-C8DC-4AEC-A469-A34B79CBEA5E}.Debug|Any CPU.ActiveCfg = Debug|Any CPU
		{4DE1AD9B-C8DC-4AEC-A469-A34B79CBEA5E}.Debug|Any CPU.Build.0 = Debug|Any CPU
		{4DE1AD9B-C8DC-4AEC-A469-A34B79CBEA5E}.Release|Any CPU.ActiveCfg = Release|Any CPU
		{4DE1AD9B-C8DC-4AEC-A469-A34B79CBEA5E}.Release|Any CPU.Build.0 = Release|Any CPU
		{80D2102D-8059-4833-91A2-0E8BF013C589}.Debug|Any CPU.ActiveCfg = Debug|Any CPU
		{80D2102D-8059-4833-91A2-0E8BF013C589}.Debug|Any CPU.Build.0 = Debug|Any CPU
		{80D2102D-8059-4833-91A2-0E8BF013C589}.Release|Any CPU.ActiveCfg = Release|Any CPU
		{80D2102D-8059-4833-91A2-0E8BF013C589}.Release|Any CPU.Build.0 = Release|Any CPU
		{07E11759-96E4-44CA-8C61-24E7E06F1970}.Debug|Any CPU.ActiveCfg = Debug|Any CPU
		{07E11759-96E4-44CA-8C61-24E7E06F1970}.Debug|Any CPU.Build.0 = Debug|Any CPU
		{07E11759-96E4-44CA-8C61-24E7E06F1970}.Release|Any CPU.ActiveCfg = Release|Any CPU
		{07E11759-96E4-44CA-8C61-24E7E06F1970}.Release|Any CPU.Build.0 = Release|Any CPU
		{E919F3AD-8DA5-4EA7-87A9-6919ED2DDDEE}.Debug|Any CPU.ActiveCfg = Debug|Any CPU
		{E919F3AD-8DA5-4EA7-87A9-6919ED2DDDEE}.Debug|Any CPU.Build.0 = Debug|Any CPU
		{E919F3AD-8DA5-4EA7-87A9-6919ED2DDDEE}.Release|Any CPU.ActiveCfg = Release|Any CPU
		{E919F3AD-8DA5-4EA7-87A9-6919ED2DDDEE}.Release|Any CPU.Build.0 = Release|Any CPU
		{8C596D13-ABDB-44CD-A7CB-A1B9B2255B6F}.Debug|Any CPU.ActiveCfg = Debug|Any CPU
		{8C596D13-ABDB-44CD-A7CB-A1B9B2255B6F}.Debug|Any CPU.Build.0 = Debug|Any CPU
		{8C596D13-ABDB-44CD-A7CB-A1B9B2255B6F}.Release|Any CPU.ActiveCfg = Release|Any CPU
		{8C596D13-ABDB-44CD-A7CB-A1B9B2255B6F}.Release|Any CPU.Build.0 = Release|Any CPU
		{BB4A8F66-CAD1-4FDD-ABC2-5555CD646712}.Debug|Any CPU.ActiveCfg = Debug|Any CPU
		{BB4A8F66-CAD1-4FDD-ABC2-5555CD646712}.Debug|Any CPU.Build.0 = Debug|Any CPU
		{BB4A8F66-CAD1-4FDD-ABC2-5555CD646712}.Release|Any CPU.ActiveCfg = Release|Any CPU
		{BB4A8F66-CAD1-4FDD-ABC2-5555CD646712}.Release|Any CPU.Build.0 = Release|Any CPU
		{38CADD61-A259-484F-8F2B-229959BD2D91}.Debug|Any CPU.ActiveCfg = Debug|Any CPU
		{38CADD61-A259-484F-8F2B-229959BD2D91}.Debug|Any CPU.Build.0 = Debug|Any CPU
		{38CADD61-A259-484F-8F2B-229959BD2D91}.Release|Any CPU.ActiveCfg = Release|Any CPU
		{38CADD61-A259-484F-8F2B-229959BD2D91}.Release|Any CPU.Build.0 = Release|Any CPU
		{5DF2F258-FA41-4A68-B30B-295698995947}.Debug|Any CPU.ActiveCfg = Debug|Any CPU
		{5DF2F258-FA41-4A68-B30B-295698995947}.Debug|Any CPU.Build.0 = Debug|Any CPU
		{5DF2F258-FA41-4A68-B30B-295698995947}.Release|Any CPU.ActiveCfg = Release|Any CPU
		{5DF2F258-FA41-4A68-B30B-295698995947}.Release|Any CPU.Build.0 = Release|Any CPU
		{E0E9A63C-F867-4481-BAE9-BA96AFE9B586}.Debug|Any CPU.ActiveCfg = Debug|Any CPU
		{E0E9A63C-F867-4481-BAE9-BA96AFE9B586}.Debug|Any CPU.Build.0 = Debug|Any CPU
		{E0E9A63C-F867-4481-BAE9-BA96AFE9B586}.Release|Any CPU.ActiveCfg = Release|Any CPU
		{E0E9A63C-F867-4481-BAE9-BA96AFE9B586}.Release|Any CPU.Build.0 = Release|Any CPU
		{BD538541-EF39-45EC-9A56-C77A78A9AD16}.Debug|Any CPU.ActiveCfg = Debug|Any CPU
		{BD538541-EF39-45EC-9A56-C77A78A9AD16}.Debug|Any CPU.Build.0 = Debug|Any CPU
		{BD538541-EF39-45EC-9A56-C77A78A9AD16}.Release|Any CPU.ActiveCfg = Release|Any CPU
		{BD538541-EF39-45EC-9A56-C77A78A9AD16}.Release|Any CPU.Build.0 = Release|Any CPU
		{22DD1F26-2F6B-4A58-9988-2744C176FFD7}.Debug|Any CPU.ActiveCfg = Debug|Any CPU
		{22DD1F26-2F6B-4A58-9988-2744C176FFD7}.Debug|Any CPU.Build.0 = Debug|Any CPU
		{22DD1F26-2F6B-4A58-9988-2744C176FFD7}.Release|Any CPU.ActiveCfg = Release|Any CPU
		{22DD1F26-2F6B-4A58-9988-2744C176FFD7}.Release|Any CPU.Build.0 = Release|Any CPU
		{6CD3DE1B-42B1-483A-90DB-2713CE01E321}.Debug|Any CPU.ActiveCfg = Debug|Any CPU
		{6CD3DE1B-42B1-483A-90DB-2713CE01E321}.Debug|Any CPU.Build.0 = Debug|Any CPU
		{6CD3DE1B-42B1-483A-90DB-2713CE01E321}.Release|Any CPU.ActiveCfg = Release|Any CPU
		{6CD3DE1B-42B1-483A-90DB-2713CE01E321}.Release|Any CPU.Build.0 = Release|Any CPU
		{B7A2DBD7-F5B6-4407-AA96-964FE0D87C0F}.Debug|Any CPU.ActiveCfg = Debug|Any CPU
		{B7A2DBD7-F5B6-4407-AA96-964FE0D87C0F}.Debug|Any CPU.Build.0 = Debug|Any CPU
		{B7A2DBD7-F5B6-4407-AA96-964FE0D87C0F}.Release|Any CPU.ActiveCfg = Release|Any CPU
		{B7A2DBD7-F5B6-4407-AA96-964FE0D87C0F}.Release|Any CPU.Build.0 = Release|Any CPU
		{37E97D23-31DA-4094-9F79-E42FBDEEA8E3}.Debug|Any CPU.ActiveCfg = Debug|Any CPU
		{37E97D23-31DA-4094-9F79-E42FBDEEA8E3}.Debug|Any CPU.Build.0 = Debug|Any CPU
		{37E97D23-31DA-4094-9F79-E42FBDEEA8E3}.Release|Any CPU.ActiveCfg = Release|Any CPU
		{37E97D23-31DA-4094-9F79-E42FBDEEA8E3}.Release|Any CPU.Build.0 = Release|Any CPU
		{C2B6F1A3-1097-4915-8AAC-C8CC8BF0DDAF}.Debug|Any CPU.ActiveCfg = Debug|Any CPU
		{C2B6F1A3-1097-4915-8AAC-C8CC8BF0DDAF}.Debug|Any CPU.Build.0 = Debug|Any CPU
		{C2B6F1A3-1097-4915-8AAC-C8CC8BF0DDAF}.Release|Any CPU.ActiveCfg = Release|Any CPU
		{C2B6F1A3-1097-4915-8AAC-C8CC8BF0DDAF}.Release|Any CPU.Build.0 = Release|Any CPU
		{F45CBC29-4046-4440-9437-44CFE1740FB8}.Debug|Any CPU.ActiveCfg = Debug|Any CPU
		{F45CBC29-4046-4440-9437-44CFE1740FB8}.Debug|Any CPU.Build.0 = Debug|Any CPU
		{F45CBC29-4046-4440-9437-44CFE1740FB8}.Release|Any CPU.ActiveCfg = Release|Any CPU
		{F45CBC29-4046-4440-9437-44CFE1740FB8}.Release|Any CPU.Build.0 = Release|Any CPU
		{C0D5DAC8-72E7-4E53-A004-7546EDA09DF1}.Debug|Any CPU.ActiveCfg = Debug|Any CPU
		{C0D5DAC8-72E7-4E53-A004-7546EDA09DF1}.Debug|Any CPU.Build.0 = Debug|Any CPU
		{C0D5DAC8-72E7-4E53-A004-7546EDA09DF1}.Release|Any CPU.ActiveCfg = Release|Any CPU
		{C0D5DAC8-72E7-4E53-A004-7546EDA09DF1}.Release|Any CPU.Build.0 = Release|Any CPU
		{972FB613-63D2-41E8-A408-99DF28CC883F}.Debug|Any CPU.ActiveCfg = Debug|Any CPU
		{972FB613-63D2-41E8-A408-99DF28CC883F}.Debug|Any CPU.Build.0 = Debug|Any CPU
		{972FB613-63D2-41E8-A408-99DF28CC883F}.Release|Any CPU.ActiveCfg = Release|Any CPU
		{972FB613-63D2-41E8-A408-99DF28CC883F}.Release|Any CPU.Build.0 = Release|Any CPU
		{42EA21FA-3330-4A4E-A204-6FBA4ABEDEFD}.Debug|Any CPU.ActiveCfg = Debug|Any CPU
		{42EA21FA-3330-4A4E-A204-6FBA4ABEDEFD}.Debug|Any CPU.Build.0 = Debug|Any CPU
		{42EA21FA-3330-4A4E-A204-6FBA4ABEDEFD}.Release|Any CPU.ActiveCfg = Release|Any CPU
		{42EA21FA-3330-4A4E-A204-6FBA4ABEDEFD}.Release|Any CPU.Build.0 = Release|Any CPU
		{868ED513-8196-4286-A9DF-36B1E6D71F2D}.Debug|Any CPU.ActiveCfg = Debug|Any CPU
		{868ED513-8196-4286-A9DF-36B1E6D71F2D}.Debug|Any CPU.Build.0 = Debug|Any CPU
		{868ED513-8196-4286-A9DF-36B1E6D71F2D}.Release|Any CPU.ActiveCfg = Release|Any CPU
		{868ED513-8196-4286-A9DF-36B1E6D71F2D}.Release|Any CPU.Build.0 = Release|Any CPU
		{26AFF4B4-16C8-41F5-A908-128BCE539E09}.Debug|Any CPU.ActiveCfg = Debug|Any CPU
		{26AFF4B4-16C8-41F5-A908-128BCE539E09}.Debug|Any CPU.Build.0 = Debug|Any CPU
		{26AFF4B4-16C8-41F5-A908-128BCE539E09}.Release|Any CPU.ActiveCfg = Release|Any CPU
		{26AFF4B4-16C8-41F5-A908-128BCE539E09}.Release|Any CPU.Build.0 = Release|Any CPU
		{9A1A2E10-C1E9-4834-8E6D-EA15CE938B09}.Debug|Any CPU.ActiveCfg = Debug|Any CPU
		{9A1A2E10-C1E9-4834-8E6D-EA15CE938B09}.Debug|Any CPU.Build.0 = Debug|Any CPU
		{9A1A2E10-C1E9-4834-8E6D-EA15CE938B09}.Release|Any CPU.ActiveCfg = Release|Any CPU
		{9A1A2E10-C1E9-4834-8E6D-EA15CE938B09}.Release|Any CPU.Build.0 = Release|Any CPU
		{FFD26A4D-99FE-4BF7-96CE-C44B4E76E410}.Debug|Any CPU.ActiveCfg = Debug|Any CPU
		{FFD26A4D-99FE-4BF7-96CE-C44B4E76E410}.Debug|Any CPU.Build.0 = Debug|Any CPU
		{FFD26A4D-99FE-4BF7-96CE-C44B4E76E410}.Release|Any CPU.ActiveCfg = Release|Any CPU
		{FFD26A4D-99FE-4BF7-96CE-C44B4E76E410}.Release|Any CPU.Build.0 = Release|Any CPU
		{8591B04C-7C38-43BA-B903-426884CC69A6}.Debug|Any CPU.ActiveCfg = Debug|Any CPU
		{8591B04C-7C38-43BA-B903-426884CC69A6}.Debug|Any CPU.Build.0 = Debug|Any CPU
		{8591B04C-7C38-43BA-B903-426884CC69A6}.Release|Any CPU.ActiveCfg = Release|Any CPU
		{8591B04C-7C38-43BA-B903-426884CC69A6}.Release|Any CPU.Build.0 = Release|Any CPU
		{4B775DCB-5A9A-4F73-BCC9-B7D38B3C9C21}.Debug|Any CPU.ActiveCfg = Debug|Any CPU
		{4B775DCB-5A9A-4F73-BCC9-B7D38B3C9C21}.Debug|Any CPU.Build.0 = Debug|Any CPU
		{4B775DCB-5A9A-4F73-BCC9-B7D38B3C9C21}.Release|Any CPU.ActiveCfg = Release|Any CPU
		{4B775DCB-5A9A-4F73-BCC9-B7D38B3C9C21}.Release|Any CPU.Build.0 = Release|Any CPU
		{4C51B974-32AD-4019-8F2F-4B42C7CF18D1}.Debug|Any CPU.ActiveCfg = Debug|Any CPU
		{4C51B974-32AD-4019-8F2F-4B42C7CF18D1}.Debug|Any CPU.Build.0 = Debug|Any CPU
		{4C51B974-32AD-4019-8F2F-4B42C7CF18D1}.Release|Any CPU.ActiveCfg = Release|Any CPU
		{4C51B974-32AD-4019-8F2F-4B42C7CF18D1}.Release|Any CPU.Build.0 = Release|Any CPU
	EndGlobalSection
	GlobalSection(SolutionProperties) = preSolution
		HideSolutionNode = FALSE
	EndGlobalSection
	GlobalSection(NestedProjects) = preSolution
		{04ECB473-0F4D-45E6-9BA7-063291BA7CD1} = {E7434B7F-E97D-47B7-B3CB-7E8A389AD36E}
		{B94044C5-9885-4847-872D-15E3C6ACD88D} = {E7434B7F-E97D-47B7-B3CB-7E8A389AD36E}
		{DC544674-9E95-4F6E-94C8-545A77391E66} = {E7434B7F-E97D-47B7-B3CB-7E8A389AD36E}
		{9F3D8639-2A2B-4B1C-88F0-56EB14C12E09} = {E7434B7F-E97D-47B7-B3CB-7E8A389AD36E}
		{F7A5D6C4-1DBA-45FB-A190-C627B54D3373} = {04ECB473-0F4D-45E6-9BA7-063291BA7CD1}
		{245116EB-D94C-4CC0-BEBF-D5DE9AD6936D} = {B94044C5-9885-4847-872D-15E3C6ACD88D}
		{4DE1AD9B-C8DC-4AEC-A469-A34B79CBEA5E} = {9F3D8639-2A2B-4B1C-88F0-56EB14C12E09}
		{0D4F6C7C-2BB8-4D6F-BA61-0CDE70BFB60E} = {DC544674-9E95-4F6E-94C8-545A77391E66}
		{6E361992-F140-4083-9132-78A9A652D1E7} = {DC544674-9E95-4F6E-94C8-545A77391E66}
		{80D2102D-8059-4833-91A2-0E8BF013C589} = {6E361992-F140-4083-9132-78A9A652D1E7}
		{07E11759-96E4-44CA-8C61-24E7E06F1970} = {6E361992-F140-4083-9132-78A9A652D1E7}
		{E919F3AD-8DA5-4EA7-87A9-6919ED2DDDEE} = {6E361992-F140-4083-9132-78A9A652D1E7}
		{69BE59C4-9ECB-4F37-87E3-EA2EEBB12523} = {A260C259-36A8-41D4-A66F-ED640D2839B2}
		{33460624-EC6E-4B92-A66E-692E908B24C7} = {69BE59C4-9ECB-4F37-87E3-EA2EEBB12523}
		{8C101615-013D-4D7B-AE65-96803D449CD1} = {69BE59C4-9ECB-4F37-87E3-EA2EEBB12523}
		{FB609964-945C-47F8-9907-AB5FA6B40492} = {69BE59C4-9ECB-4F37-87E3-EA2EEBB12523}
		{8C596D13-ABDB-44CD-A7CB-A1B9B2255B6F} = {33460624-EC6E-4B92-A66E-692E908B24C7}
		{BB4A8F66-CAD1-4FDD-ABC2-5555CD646712} = {33460624-EC6E-4B92-A66E-692E908B24C7}
		{38CADD61-A259-484F-8F2B-229959BD2D91} = {8C101615-013D-4D7B-AE65-96803D449CD1}
		{5DF2F258-FA41-4A68-B30B-295698995947} = {0D4F6C7C-2BB8-4D6F-BA61-0CDE70BFB60E}
		{E0E9A63C-F867-4481-BAE9-BA96AFE9B586} = {0D4F6C7C-2BB8-4D6F-BA61-0CDE70BFB60E}
		{BD538541-EF39-45EC-9A56-C77A78A9AD16} = {0D4F6C7C-2BB8-4D6F-BA61-0CDE70BFB60E}
		{22DD1F26-2F6B-4A58-9988-2744C176FFD7} = {6E361992-F140-4083-9132-78A9A652D1E7}
		{7C975EC2-CDEA-451A-980A-EB1B6F326C8C} = {DC544674-9E95-4F6E-94C8-545A77391E66}
		{6CD3DE1B-42B1-483A-90DB-2713CE01E321} = {B94044C5-9885-4847-872D-15E3C6ACD88D}
		{B7A2DBD7-F5B6-4407-AA96-964FE0D87C0F} = {B94044C5-9885-4847-872D-15E3C6ACD88D}
		{37E97D23-31DA-4094-9F79-E42FBDEEA8E3} = {7C975EC2-CDEA-451A-980A-EB1B6F326C8C}
		{C2B6F1A3-1097-4915-8AAC-C8CC8BF0DDAF} = {6E361992-F140-4083-9132-78A9A652D1E7}
		{F45CBC29-4046-4440-9437-44CFE1740FB8} = {6E361992-F140-4083-9132-78A9A652D1E7}
		{C0D5DAC8-72E7-4E53-A004-7546EDA09DF1} = {FB609964-945C-47F8-9907-AB5FA6B40492}
		{972FB613-63D2-41E8-A408-99DF28CC883F} = {7C975EC2-CDEA-451A-980A-EB1B6F326C8C}
		{06E21D59-00F0-4DCB-9BEA-333DF2B0B1F2} = {DC544674-9E95-4F6E-94C8-545A77391E66}
		{42EA21FA-3330-4A4E-A204-6FBA4ABEDEFD} = {06E21D59-00F0-4DCB-9BEA-333DF2B0B1F2}
		{868ED513-8196-4286-A9DF-36B1E6D71F2D} = {06E21D59-00F0-4DCB-9BEA-333DF2B0B1F2}
		{26AFF4B4-16C8-41F5-A908-128BCE539E09} = {06E21D59-00F0-4DCB-9BEA-333DF2B0B1F2}
		{9A1A2E10-C1E9-4834-8E6D-EA15CE938B09} = {0D4F6C7C-2BB8-4D6F-BA61-0CDE70BFB60E}
		{FFD26A4D-99FE-4BF7-96CE-C44B4E76E410} = {8C101615-013D-4D7B-AE65-96803D449CD1}
		{8591B04C-7C38-43BA-B903-426884CC69A6} = {FB609964-945C-47F8-9907-AB5FA6B40492}
		{4B775DCB-5A9A-4F73-BCC9-B7D38B3C9C21} = {0D4F6C7C-2BB8-4D6F-BA61-0CDE70BFB60E}
		{4C51B974-32AD-4019-8F2F-4B42C7CF18D1} = {B94044C5-9885-4847-872D-15E3C6ACD88D}
	EndGlobalSection
	GlobalSection(ExtensibilityGlobals) = postSolution
		SolutionGuid = {D5D1ECA0-C4FC-4886-ABDA-F867CC0914D9}
	EndGlobalSection
EndGlobal
