
Microsoft Visual Studio Solution File, Format Version 12.00
# Visual Studio Version 17
VisualStudioVersion = 17.1.32210.238
MinimumVisualStudioVersion = 10.0.40219.1
Project("{FAE04EC0-301F-11D3-BF4B-00C04F79EFBC}") = "Zamin.Extentions.Chaching.Abstractions", "Zamin.Extentions.Chaching.Abstractions\Zamin.Extentions.Chaching.Abstractions.csproj", "{0792FFC2-5C0F-456A-A060-878F11AF2360}"
EndProject
Project("{FAE04EC0-301F-11D3-BF4B-00C04F79EFBC}") = "Zamin.Extentions.MessageBus.Abstractions", "Zamin.Extentions.MessageBus.Abstractions\Zamin.Extentions.MessageBus.Abstractions.csproj", "{06F6D9C4-5B22-4CFF-B278-637005570A37}"
EndProject
Global
	GlobalSection(SolutionConfigurationPlatforms) = preSolution
		Debug|Any CPU = Debug|Any CPU
		Release|Any CPU = Release|Any CPU
	EndGlobalSection
	GlobalSection(ProjectConfigurationPlatforms) = postSolution
		{0792FFC2-5C0F-456A-A060-878F11AF2360}.Debug|Any CPU.ActiveCfg = Debug|Any CPU
		{0792FFC2-5C0F-456A-A060-878F11AF2360}.Debug|Any CPU.Build.0 = Debug|Any CPU
		{0792FFC2-5C0F-456A-A060-878F11AF2360}.Release|Any CPU.ActiveCfg = Release|Any CPU
		{0792FFC2-5C0F-456A-A060-878F11AF2360}.Release|Any CPU.Build.0 = Release|Any CPU
		{06F6D9C4-5B22-4CFF-B278-637005570A37}.Debug|Any CPU.ActiveCfg = Debug|Any CPU
		{06F6D9C4-5B22-4CFF-B278-637005570A37}.Debug|Any CPU.Build.0 = Debug|Any CPU
		{06F6D9C4-5B22-4CFF-B278-637005570A37}.Release|Any CPU.ActiveCfg = Release|Any CPU
		{06F6D9C4-5B22-4CFF-B278-637005570A37}.Release|Any CPU.Build.0 = Release|Any CPU
	EndGlobalSection
	GlobalSection(SolutionProperties) = preSolution
		HideSolutionNode = FALSE
	EndGlobalSection
	GlobalSection(ExtensibilityGlobals) = postSolution
		SolutionGuid = {44B684C9-ABBA-4EF5-8865-0127A644E673}
	EndGlobalSection
EndGlobal
