
Microsoft Visual Studio Solution File, Format Version 12.00
# Visual Studio Version 17
VisualStudioVersion = 17.0.31919.166
MinimumVisualStudioVersion = 10.0.40219.1
Project("{FAE04EC0-301F-11D3-BF4B-00C04F79EFBC}") = "Zamin.Extensions.Caching.StackExchangeRedisCache", "Zamin.Extensions.Caching.StackExchangeRedisCache\Zamin.Extensions.Caching.StackExchangeRedisCache.csproj", "{6F17A97E-EB01-4BA7-930F-098B2277F022}"
EndProject
Global
	GlobalSection(SolutionConfigurationPlatforms) = preSolution
		Debug|Any CPU = Debug|Any CPU
		Release|Any CPU = Release|Any CPU
	EndGlobalSection
	GlobalSection(ProjectConfigurationPlatforms) = postSolution
		{6F17A97E-EB01-4BA7-930F-098B2277F022}.Debug|Any CPU.ActiveCfg = Debug|Any CPU
		{6F17A97E-EB01-4BA7-930F-098B2277F022}.Debug|Any CPU.Build.0 = Debug|Any CPU
		{6F17A97E-EB01-4BA7-930F-098B2277F022}.Release|Any CPU.ActiveCfg = Release|Any CPU
		{6F17A97E-EB01-4BA7-930F-098B2277F022}.Release|Any CPU.Build.0 = Release|Any CPU
	EndGlobalSection
	GlobalSection(SolutionProperties) = preSolution
		HideSolutionNode = FALSE
	EndGlobalSection
	GlobalSection(ExtensibilityGlobals) = postSolution
		SolutionGuid = {9DCF3DE3-6AF4-4878-93E1-7663AB95F5B5}
	EndGlobalSection
EndGlobal
