
Microsoft Visual Studio Solution File, Format Version 12.00
# Visual Studio Version 17
VisualStudioVersion = 17.0.32014.148
MinimumVisualStudioVersion = 10.0.40219.1
Project("{9A19103F-16F7-4668-BE54-9A1E7A4F7556}") = "Zamin.Extensions.UsersManagement", "Zamin.Extensions.UsersManagement\Zamin.Extensions.UsersManagement.csproj", "{81569A0B-1669-4B99-ABDE-42F016D90E74}"
EndProject
Project("{9A19103F-16F7-4668-BE54-9A1E7A4F7556}") = "Zamin.Extensions.UsersManagement.Sample.Mvc", "Zamin.Extensions.UsersManagement.Sample.Mvc\Zamin.Extensions.UsersManagement.Sample.Mvc.csproj", "{88BA4AE8-CC8B-44D0-A8FD-B23EFBFC823D}"
EndProject
Project("{9A19103F-16F7-4668-BE54-9A1E7A4F7556}") = "Zamin.Extensions.UsersManagement.Sample.Api", "Zamin.Extensions.UsersManagement.Sample.Api\Zamin.Extensions.UsersManagement.Sample.Api.csproj", "{5EE08320-9CB5-4B0C-81FE-18875B60355F}"
EndProject
Global
	GlobalSection(SolutionConfigurationPlatforms) = preSolution
		Debug|Any CPU = Debug|Any CPU
		Release|Any CPU = Release|Any CPU
	EndGlobalSection
	GlobalSection(ProjectConfigurationPlatforms) = postSolution
		{81569A0B-1669-4B99-ABDE-42F016D90E74}.Debug|Any CPU.ActiveCfg = Debug|Any CPU
		{81569A0B-1669-4B99-ABDE-42F016D90E74}.Debug|Any CPU.Build.0 = Debug|Any CPU
		{81569A0B-1669-4B99-ABDE-42F016D90E74}.Release|Any CPU.ActiveCfg = Release|Any CPU
		{81569A0B-1669-4B99-ABDE-42F016D90E74}.Release|Any CPU.Build.0 = Release|Any CPU
		{88BA4AE8-CC8B-44D0-A8FD-B23EFBFC823D}.Debug|Any CPU.ActiveCfg = Debug|Any CPU
		{88BA4AE8-CC8B-44D0-A8FD-B23EFBFC823D}.Debug|Any CPU.Build.0 = Debug|Any CPU
		{88BA4AE8-CC8B-44D0-A8FD-B23EFBFC823D}.Release|Any CPU.ActiveCfg = Release|Any CPU
		{88BA4AE8-CC8B-44D0-A8FD-B23EFBFC823D}.Release|Any CPU.Build.0 = Release|Any CPU
		{5EE08320-9CB5-4B0C-81FE-18875B60355F}.Debug|Any CPU.ActiveCfg = Debug|Any CPU
		{5EE08320-9CB5-4B0C-81FE-18875B60355F}.Debug|Any CPU.Build.0 = Debug|Any CPU
		{5EE08320-9CB5-4B0C-81FE-18875B60355F}.Release|Any CPU.ActiveCfg = Release|Any CPU
		{5EE08320-9CB5-4B0C-81FE-18875B60355F}.Release|Any CPU.Build.0 = Release|Any CPU
	EndGlobalSection
	GlobalSection(SolutionProperties) = preSolution
		HideSolutionNode = FALSE
	EndGlobalSection
	GlobalSection(ExtensibilityGlobals) = postSolution
		SolutionGuid = {B8A2116B-B3C2-4982-8716-77360B9C0692}
	EndGlobalSection
EndGlobal
