
Microsoft Visual Studio Solution File, Format Version 12.00
# Visual Studio Version 17
VisualStudioVersion = 17.0.31919.166
MinimumVisualStudioVersion = 10.0.40219.1
Project("{9A19103F-16F7-4668-BE54-9A1E7A4F7556}") = "Zamin.Extensions.Serializers.Aspose", "Zamin.Extensions.Serializers.Aspose\Zamin.Extensions.Serializers.Aspose.csproj", "{44130C96-1729-4C3F-81F5-E3043DE1EA06}"
EndProject
Project("{9A19103F-16F7-4668-BE54-9A1E7A4F7556}") = "Zamin.Extensions.Serializers.Aspose.Sample", "Zamin.Extensions.Serializers.Aspose.Sample\Zamin.Extensions.Serializers.Aspose.Sample.csproj", "{B35D5C5A-2DC3-4D23-B52B-2FED2A716A8E}"
EndProject
Global
	GlobalSection(SolutionConfigurationPlatforms) = preSolution
		Debug|Any CPU = Debug|Any CPU
		Release|Any CPU = Release|Any CPU
	EndGlobalSection
	GlobalSection(ProjectConfigurationPlatforms) = postSolution
		{44130C96-1729-4C3F-81F5-E3043DE1EA06}.Debug|Any CPU.ActiveCfg = Debug|Any CPU
		{44130C96-1729-4C3F-81F5-E3043DE1EA06}.Debug|Any CPU.Build.0 = Debug|Any CPU
		{44130C96-1729-4C3F-81F5-E3043DE1EA06}.Release|Any CPU.ActiveCfg = Release|Any CPU
		{44130C96-1729-4C3F-81F5-E3043DE1EA06}.Release|Any CPU.Build.0 = Release|Any CPU
		{B35D5C5A-2DC3-4D23-B52B-2FED2A716A8E}.Debug|Any CPU.ActiveCfg = Debug|Any CPU
		{B35D5C5A-2DC3-4D23-B52B-2FED2A716A8E}.Debug|Any CPU.Build.0 = Debug|Any CPU
		{B35D5C5A-2DC3-4D23-B52B-2FED2A716A8E}.Release|Any CPU.ActiveCfg = Release|Any CPU
		{B35D5C5A-2DC3-4D23-B52B-2FED2A716A8E}.Release|Any CPU.Build.0 = Release|Any CPU
	EndGlobalSection
	GlobalSection(SolutionProperties) = preSolution
		HideSolutionNode = FALSE
	EndGlobalSection
	GlobalSection(ExtensibilityGlobals) = postSolution
		SolutionGuid = {11E26605-22DF-4F51-84D0-26D77A3C62D5}
	EndGlobalSection
EndGlobal
