
Microsoft Visual Studio Solution File, Format Version 12.00
# Visual Studio Version 17
VisualStudioVersion = 17.4.33103.184
MinimumVisualStudioVersion = 10.0.40219.1
Project("{9A19103F-16F7-4668-BE54-9A1E7A4F7556}") = "Zamin.Extensions.ChangeDataLog.Sql", "Zamin.Extensions.ChangeDataLog.Sql\Zamin.Extensions.ChangeDataLog.Sql.csproj", "{13EB4D4A-95D4-414D-A85C-E55EF20480FE}"
EndProject
Project("{9A19103F-16F7-4668-BE54-9A1E7A4F7556}") = "Zamin.Extensions.ChangeDataLog.Hamster", "Zamin.Extensions.ChangeDataLog.Hamster\Zamin.Extensions.ChangeDataLog.Hamster.csproj", "{05F4059F-760B-4E64-A3BD-ECABE91E27FB}"
EndProject
Project("{FAE04EC0-301F-11D3-BF4B-00C04F79EFBC}") = "Zamin.Extensions.ChangeDataLog.Hamster.Sample", "Zamin.Extensions.ChangeDataLog.Hamster.Sample\Zamin.Extensions.ChangeDataLog.Hamster.Sample.csproj", "{27FB3276-3805-446E-9C1B-4A220769446A}"
EndProject
Global
	GlobalSection(SolutionConfigurationPlatforms) = preSolution
		Debug|Any CPU = Debug|Any CPU
		Release|Any CPU = Release|Any CPU
	EndGlobalSection
	GlobalSection(ProjectConfigurationPlatforms) = postSolution
		{13EB4D4A-95D4-414D-A85C-E55EF20480FE}.Debug|Any CPU.ActiveCfg = Debug|Any CPU
		{13EB4D4A-95D4-414D-A85C-E55EF20480FE}.Debug|Any CPU.Build.0 = Debug|Any CPU
		{13EB4D4A-95D4-414D-A85C-E55EF20480FE}.Release|Any CPU.ActiveCfg = Release|Any CPU
		{13EB4D4A-95D4-414D-A85C-E55EF20480FE}.Release|Any CPU.Build.0 = Release|Any CPU
		{05F4059F-760B-4E64-A3BD-ECABE91E27FB}.Debug|Any CPU.ActiveCfg = Debug|Any CPU
		{05F4059F-760B-4E64-A3BD-ECABE91E27FB}.Debug|Any CPU.Build.0 = Debug|Any CPU
		{05F4059F-760B-4E64-A3BD-ECABE91E27FB}.Release|Any CPU.ActiveCfg = Release|Any CPU
		{05F4059F-760B-4E64-A3BD-ECABE91E27FB}.Release|Any CPU.Build.0 = Release|Any CPU
		{27FB3276-3805-446E-9C1B-4A220769446A}.Debug|Any CPU.ActiveCfg = Debug|Any CPU
		{27FB3276-3805-446E-9C1B-4A220769446A}.Debug|Any CPU.Build.0 = Debug|Any CPU
		{27FB3276-3805-446E-9C1B-4A220769446A}.Release|Any CPU.ActiveCfg = Release|Any CPU
		{27FB3276-3805-446E-9C1B-4A220769446A}.Release|Any CPU.Build.0 = Release|Any CPU
	EndGlobalSection
	GlobalSection(SolutionProperties) = preSolution
		HideSolutionNode = FALSE
	EndGlobalSection
	GlobalSection(ExtensibilityGlobals) = postSolution
		SolutionGuid = {2257A3F0-F18B-4A1B-A01B-BD8862D44338}
	EndGlobalSection
EndGlobal
