
Microsoft Visual Studio Solution File, Format Version 12.00
# Visual Studio Version 17
VisualStudioVersion = 17.2.32630.192
MinimumVisualStudioVersion = 10.0.40219.1
Project("{FAE04EC0-301F-11D3-BF4B-00C04F79EFBC}") = "Zamin.Extensions.MessageBus.RabbitMQ", "Zamin.Extensions.MessageBus.RabbitMQ\Zamin.Extensions.MessageBus.RabbitMQ.csproj", "{163DEE92-3587-44D6-AA1B-6578FBAA2F3B}"
EndProject
Project("{FAE04EC0-301F-11D3-BF4B-00C04F79EFBC}") = "Zamin.Extensions.MessageBus.RabbitMQ.Sample", "Zamin.Extensions.MessageBus.RabbitMQ.Sample\Zamin.Extensions.MessageBus.RabbitMQ.Sample.csproj", "{3D81F43D-B87C-42C1-A5C3-0D17D1A1833C}"
EndProject
Global
	GlobalSection(SolutionConfigurationPlatforms) = preSolution
		Debug|Any CPU = Debug|Any CPU
		Release|Any CPU = Release|Any CPU
	EndGlobalSection
	GlobalSection(ProjectConfigurationPlatforms) = postSolution
		{163DEE92-3587-44D6-AA1B-6578FBAA2F3B}.Debug|Any CPU.ActiveCfg = Debug|Any CPU
		{163DEE92-3587-44D6-AA1B-6578FBAA2F3B}.Debug|Any CPU.Build.0 = Debug|Any CPU
		{163DEE92-3587-44D6-AA1B-6578FBAA2F3B}.Release|Any CPU.ActiveCfg = Release|Any CPU
		{163DEE92-3587-44D6-AA1B-6578FBAA2F3B}.Release|Any CPU.Build.0 = Release|Any CPU
		{3D81F43D-B87C-42C1-A5C3-0D17D1A1833C}.Debug|Any CPU.ActiveCfg = Debug|Any CPU
		{3D81F43D-B87C-42C1-A5C3-0D17D1A1833C}.Debug|Any CPU.Build.0 = Debug|Any CPU
		{3D81F43D-B87C-42C1-A5C3-0D17D1A1833C}.Release|Any CPU.ActiveCfg = Release|Any CPU
		{3D81F43D-B87C-42C1-A5C3-0D17D1A1833C}.Release|Any CPU.Build.0 = Release|Any CPU
	EndGlobalSection
	GlobalSection(SolutionProperties) = preSolution
		HideSolutionNode = FALSE
	EndGlobalSection
	GlobalSection(ExtensibilityGlobals) = postSolution
		SolutionGuid = {2E117E54-9E6B-4FB4-A139-F563D7487391}
	EndGlobalSection
EndGlobal
