
Microsoft Visual Studio Solution File, Format Version 12.00
# Visual Studio Version 17
VisualStudioVersion = 17.1.32328.378
MinimumVisualStudioVersion = 10.0.40219.1
Project("{FAE04EC0-301F-11D3-BF4B-00C04F79EFBC}") = "Zamin.Extensions.Caching.InMemory", "Zamin.Extensions.Caching.InMemory\Zamin.Extensions.Caching.InMemory.csproj", "{608D2B2B-68D7-49D8-8880-782C4FB0D8E2}"
EndProject
Project("{FAE04EC0-301F-11D3-BF4B-00C04F79EFBC}") = "Zamin.Extensions.Caching.InMemory.Sample", "Zamin.Extensions.Caching.InMemory.Sample\Zamin.Extensions.Caching.InMemory.Sample.csproj", "{A2543FF7-7AF3-4378-914A-DBD0FF173057}"
EndProject
Global
	GlobalSection(SolutionConfigurationPlatforms) = preSolution
		Debug|Any CPU = Debug|Any CPU
		Release|Any CPU = Release|Any CPU
	EndGlobalSection
	GlobalSection(ProjectConfigurationPlatforms) = postSolution
		{608D2B2B-68D7-49D8-8880-782C4FB0D8E2}.Debug|Any CPU.ActiveCfg = Debug|Any CPU
		{608D2B2B-68D7-49D8-8880-782C4FB0D8E2}.Debug|Any CPU.Build.0 = Debug|Any CPU
		{608D2B2B-68D7-49D8-8880-782C4FB0D8E2}.Release|Any CPU.ActiveCfg = Release|Any CPU
		{608D2B2B-68D7-49D8-8880-782C4FB0D8E2}.Release|Any CPU.Build.0 = Release|Any CPU
		{A2543FF7-7AF3-4378-914A-DBD0FF173057}.Debug|Any CPU.ActiveCfg = Debug|Any CPU
		{A2543FF7-7AF3-4378-914A-DBD0FF173057}.Debug|Any CPU.Build.0 = Debug|Any CPU
		{A2543FF7-7AF3-4378-914A-DBD0FF173057}.Release|Any CPU.ActiveCfg = Release|Any CPU
		{A2543FF7-7AF3-4378-914A-DBD0FF173057}.Release|Any CPU.Build.0 = Release|Any CPU
	EndGlobalSection
	GlobalSection(SolutionProperties) = preSolution
		HideSolutionNode = FALSE
	EndGlobalSection
	GlobalSection(ExtensibilityGlobals) = postSolution
		SolutionGuid = {2B025FF4-9EA9-4CE2-AACB-2F0B6392CBF3}
	EndGlobalSection
EndGlobal
