
Microsoft Visual Studio Solution File, Format Version 12.00
# Visual Studio Version 17
VisualStudioVersion = 17.8.34330.188
MinimumVisualStudioVersion = 10.0.40219.1
Project("{FAE04EC0-301F-11D3-BF4B-00C04F79EFBC}") = "Zamin.Utilities.Swagger.Registration", "Zamin.Utilities.Swagger.Registration\Zamin.Utilities.Swagger.Registration.csproj", "{99AD108F-7E08-4266-A756-E44517A73C68}"
EndProject
Project("{FAE04EC0-301F-11D3-BF4B-00C04F79EFBC}") = "Zamin.Utilities.Swagger.Registration.Sample", "Zamin.Utilities.Swagger.Registration.Sample\Zamin.Utilities.Swagger.Registration.Sample.csproj", "{D2BD9893-466B-401D-8A2E-B50A74070FF4}"
EndProject
Global
	GlobalSection(SolutionConfigurationPlatforms) = preSolution
		Debug|Any CPU = Debug|Any CPU
		Release|Any CPU = Release|Any CPU
	EndGlobalSection
	GlobalSection(ProjectConfigurationPlatforms) = postSolution
		{99AD108F-7E08-4266-A756-E44517A73C68}.Debug|Any CPU.ActiveCfg = Debug|Any CPU
		{99AD108F-7E08-4266-A756-E44517A73C68}.Debug|Any CPU.Build.0 = Debug|Any CPU
		{99AD108F-7E08-4266-A756-E44517A73C68}.Release|Any CPU.ActiveCfg = Release|Any CPU
		{99AD108F-7E08-4266-A756-E44517A73C68}.Release|Any CPU.Build.0 = Release|Any CPU
		{D2BD9893-466B-401D-8A2E-B50A74070FF4}.Debug|Any CPU.ActiveCfg = Debug|Any CPU
		{D2BD9893-466B-401D-8A2E-B50A74070FF4}.Debug|Any CPU.Build.0 = Debug|Any CPU
		{D2BD9893-466B-401D-8A2E-B50A74070FF4}.Release|Any CPU.ActiveCfg = Release|Any CPU
		{D2BD9893-466B-401D-8A2E-B50A74070FF4}.Release|Any CPU.Build.0 = Release|Any CPU
	EndGlobalSection
	GlobalSection(SolutionProperties) = preSolution
		HideSolutionNode = FALSE
	EndGlobalSection
	GlobalSection(ExtensibilityGlobals) = postSolution
		SolutionGuid = {D489F5E4-69BD-40F2-B3B3-4BD076A134A9}
	EndGlobalSection
EndGlobal
